
Microsoft Visual Studio Solution File, Format Version 12.00
# Visual Studio Version 16
VisualStudioVersion = 16.0.30406.217
MinimumVisualStudioVersion = 10.0.40219.1
Project("{FAE04EC0-301F-11D3-BF4B-00C04F79EFBC}") = "ShopCet47.Web", "ShopCet47.Web\ShopCet47.Web.csproj", "{F9B0F52E-634B-482F-A3F9-D476F2E8C705}"
EndProject
Project("{FAE04EC0-301F-11D3-BF4B-00C04F79EFBC}") = "ShopCet47.Common", "ShopCet47.Common\ShopCet47.Common.csproj", "{36CC7997-4349-4B20-AE9B-5722C7C0C78B}"
EndProject
Global
	GlobalSection(SolutionConfigurationPlatforms) = preSolution
		Debug|Any CPU = Debug|Any CPU
		Release|Any CPU = Release|Any CPU
	EndGlobalSection
	GlobalSection(ProjectConfigurationPlatforms) = postSolution
		{F9B0F52E-634B-482F-A3F9-D476F2E8C705}.Debug|Any CPU.ActiveCfg = Debug|Any CPU
		{F9B0F52E-634B-482F-A3F9-D476F2E8C705}.Debug|Any CPU.Build.0 = Debug|Any CPU
		{F9B0F52E-634B-482F-A3F9-D476F2E8C705}.Release|Any CPU.ActiveCfg = Release|Any CPU
		{F9B0F52E-634B-482F-A3F9-D476F2E8C705}.Release|Any CPU.Build.0 = Release|Any CPU
		{36CC7997-4349-4B20-AE9B-5722C7C0C78B}.Debug|Any CPU.ActiveCfg = Debug|Any CPU
		{36CC7997-4349-4B20-AE9B-5722C7C0C78B}.Debug|Any CPU.Build.0 = Debug|Any CPU
		{36CC7997-4349-4B20-AE9B-5722C7C0C78B}.Release|Any CPU.ActiveCfg = Release|Any CPU
		{36CC7997-4349-4B20-AE9B-5722C7C0C78B}.Release|Any CPU.Build.0 = Release|Any CPU
	EndGlobalSection
	GlobalSection(SolutionProperties) = preSolution
		HideSolutionNode = FALSE
	EndGlobalSection
	GlobalSection(ExtensibilityGlobals) = postSolution
		SolutionGuid = {9A9C78DB-DA10-48B4-BEA7-8365A51102C4}
	EndGlobalSection
EndGlobal
